
Microsoft Visual Studio Solution File, Format Version 12.00
# Visual Studio Version 16
VisualStudioVersion = 16.0.28407.52
MinimumVisualStudioVersion = 10.0.40219.1
Project("{9A19103F-16F7-4668-BE54-9A1E7A4F7556}") = "ProtoBuildBot", "ProtoBuildBot\ProtoBuildBot.csproj", "{B61F02C5-DDA5-4CC1-9DC1-667F85D22E0F}"
EndProject
Project("{9A19103F-16F7-4668-BE54-9A1E7A4F7556}") = "ImageProtoBuild", "ImageProtoBuild\ImageProtoBuild.csproj", "{CA750D2D-9DFF-4DF0-84DB-88EF3A109DFF}"
EndProject
Project("{9A19103F-16F7-4668-BE54-9A1E7A4F7556}") = "BuildChecker", "BuildChecker\BuildChecker.csproj", "{DCA4AEBF-698A-4EB7-9426-02A04CB4D280}"
EndProject
Project("{9A19103F-16F7-4668-BE54-9A1E7A4F7556}") = "Compression.Cab", "Compression.Cab\Compression.Cab.csproj", "{E6E0317F-D8C9-4CC2-9DA5-ACAA5E6A67E0}"
EndProject
Project("{9A19103F-16F7-4668-BE54-9A1E7A4F7556}") = "ScheduleTimer", "ScheduleTimer\ScheduleTimer.csproj", "{D1DE1439-569C-4608-8D99-F9C644A26550}"
EndProject
Global
	GlobalSection(SolutionConfigurationPlatforms) = preSolution
		Debug|Any CPU = Debug|Any CPU
		Debug|x64 = Debug|x64
		PRODUCTION|Any CPU = PRODUCTION|Any CPU
		PRODUCTION|x64 = PRODUCTION|x64
		Release|Any CPU = Release|Any CPU
		Release|x64 = Release|x64
	EndGlobalSection
	GlobalSection(ProjectConfigurationPlatforms) = postSolution
		{B61F02C5-DDA5-4CC1-9DC1-667F85D22E0F}.Debug|Any CPU.ActiveCfg = Debug|Any CPU
		{B61F02C5-DDA5-4CC1-9DC1-667F85D22E0F}.Debug|Any CPU.Build.0 = Debug|Any CPU
		{B61F02C5-DDA5-4CC1-9DC1-667F85D22E0F}.Debug|x64.ActiveCfg = Debug|Any CPU
		{B61F02C5-DDA5-4CC1-9DC1-667F85D22E0F}.Debug|x64.Build.0 = Debug|Any CPU
		{B61F02C5-DDA5-4CC1-9DC1-667F85D22E0F}.PRODUCTION|Any CPU.ActiveCfg = PRODUCTION|Any CPU
		{B61F02C5-DDA5-4CC1-9DC1-667F85D22E0F}.PRODUCTION|Any CPU.Build.0 = PRODUCTION|Any CPU
		{B61F02C5-DDA5-4CC1-9DC1-667F85D22E0F}.PRODUCTION|x64.ActiveCfg = PRODUCTION|Any CPU
		{B61F02C5-DDA5-4CC1-9DC1-667F85D22E0F}.PRODUCTION|x64.Build.0 = PRODUCTION|Any CPU
		{B61F02C5-DDA5-4CC1-9DC1-667F85D22E0F}.Release|Any CPU.ActiveCfg = Release|Any CPU
		{B61F02C5-DDA5-4CC1-9DC1-667F85D22E0F}.Release|Any CPU.Build.0 = Release|Any CPU
		{B61F02C5-DDA5-4CC1-9DC1-667F85D22E0F}.Release|x64.ActiveCfg = Release|Any CPU
		{B61F02C5-DDA5-4CC1-9DC1-667F85D22E0F}.Release|x64.Build.0 = Release|Any CPU
		{CA750D2D-9DFF-4DF0-84DB-88EF3A109DFF}.Debug|Any CPU.ActiveCfg = Debug|Any CPU
		{CA750D2D-9DFF-4DF0-84DB-88EF3A109DFF}.Debug|Any CPU.Build.0 = Debug|Any CPU
		{CA750D2D-9DFF-4DF0-84DB-88EF3A109DFF}.Debug|x64.ActiveCfg = Debug|Any CPU
		{CA750D2D-9DFF-4DF0-84DB-88EF3A109DFF}.Debug|x64.Build.0 = Debug|Any CPU
		{CA750D2D-9DFF-4DF0-84DB-88EF3A109DFF}.PRODUCTION|Any CPU.ActiveCfg = Release|Any CPU
		{CA750D2D-9DFF-4DF0-84DB-88EF3A109DFF}.PRODUCTION|x64.ActiveCfg = Release|Any CPU
		{CA750D2D-9DFF-4DF0-84DB-88EF3A109DFF}.Release|Any CPU.ActiveCfg = Release|Any CPU
		{CA750D2D-9DFF-4DF0-84DB-88EF3A109DFF}.Release|Any CPU.Build.0 = Release|Any CPU
		{CA750D2D-9DFF-4DF0-84DB-88EF3A109DFF}.Release|x64.ActiveCfg = Release|Any CPU
		{CA750D2D-9DFF-4DF0-84DB-88EF3A109DFF}.Release|x64.Build.0 = Release|Any CPU
		{DCA4AEBF-698A-4EB7-9426-02A04CB4D280}.Debug|Any CPU.ActiveCfg = Debug|Any CPU
		{DCA4AEBF-698A-4EB7-9426-02A04CB4D280}.Debug|Any CPU.Build.0 = Debug|Any CPU
		{DCA4AEBF-698A-4EB7-9426-02A04CB4D280}.Debug|x64.ActiveCfg = Debug|Any CPU
		{DCA4AEBF-698A-4EB7-9426-02A04CB4D280}.Debug|x64.Build.0 = Debug|Any CPU
		{DCA4AEBF-698A-4EB7-9426-02A04CB4D280}.PRODUCTION|Any CPU.ActiveCfg = PRODUCTION|Any CPU
		{DCA4AEBF-698A-4EB7-9426-02A04CB4D280}.PRODUCTION|Any CPU.Build.0 = PRODUCTION|Any CPU
		{DCA4AEBF-698A-4EB7-9426-02A04CB4D280}.PRODUCTION|x64.ActiveCfg = PRODUCTION|Any CPU
		{DCA4AEBF-698A-4EB7-9426-02A04CB4D280}.PRODUCTION|x64.Build.0 = PRODUCTION|Any CPU
		{DCA4AEBF-698A-4EB7-9426-02A04CB4D280}.Release|Any CPU.ActiveCfg = Release|Any CPU
		{DCA4AEBF-698A-4EB7-9426-02A04CB4D280}.Release|Any CPU.Build.0 = Release|Any CPU
		{DCA4AEBF-698A-4EB7-9426-02A04CB4D280}.Release|x64.ActiveCfg = Release|Any CPU
		{DCA4AEBF-698A-4EB7-9426-02A04CB4D280}.Release|x64.Build.0 = Release|Any CPU
		{E6E0317F-D8C9-4CC2-9DA5-ACAA5E6A67E0}.Debug|Any CPU.ActiveCfg = Debug|Any CPU
		{E6E0317F-D8C9-4CC2-9DA5-ACAA5E6A67E0}.Debug|Any CPU.Build.0 = Debug|Any CPU
		{E6E0317F-D8C9-4CC2-9DA5-ACAA5E6A67E0}.Debug|x64.ActiveCfg = Debug|Any CPU
		{E6E0317F-D8C9-4CC2-9DA5-ACAA5E6A67E0}.Debug|x64.Build.0 = Debug|Any CPU
		{E6E0317F-D8C9-4CC2-9DA5-ACAA5E6A67E0}.PRODUCTION|Any CPU.ActiveCfg = PRODUCTION|Any CPU
		{E6E0317F-D8C9-4CC2-9DA5-ACAA5E6A67E0}.PRODUCTION|Any CPU.Build.0 = PRODUCTION|Any CPU
		{E6E0317F-D8C9-4CC2-9DA5-ACAA5E6A67E0}.PRODUCTION|x64.ActiveCfg = PRODUCTION|Any CPU
		{E6E0317F-D8C9-4CC2-9DA5-ACAA5E6A67E0}.PRODUCTION|x64.Build.0 = PRODUCTION|Any CPU
		{E6E0317F-D8C9-4CC2-9DA5-ACAA5E6A67E0}.Release|Any CPU.ActiveCfg = Release|Any CPU
		{E6E0317F-D8C9-4CC2-9DA5-ACAA5E6A67E0}.Release|Any CPU.Build.0 = Release|Any CPU
		{E6E0317F-D8C9-4CC2-9DA5-ACAA5E6A67E0}.Release|x64.ActiveCfg = Release|Any CPU
		{E6E0317F-D8C9-4CC2-9DA5-ACAA5E6A67E0}.Release|x64.Build.0 = Release|Any CPU
		{D1DE1439-569C-4608-8D99-F9C644A26550}.Debug|Any CPU.ActiveCfg = Debug|Any CPU
		{D1DE1439-569C-4608-8D99-F9C644A26550}.Debug|Any CPU.Build.0 = Debug|Any CPU
		{D1DE1439-569C-4608-8D99-F9C644A26550}.Debug|x64.ActiveCfg = Debug|Any CPU
		{D1DE1439-569C-4608-8D99-F9C644A26550}.Debug|x64.Build.0 = Debug|Any CPU
		{D1DE1439-569C-4608-8D99-F9C644A26550}.PRODUCTION|Any CPU.ActiveCfg = Debug|Any CPU
		{D1DE1439-569C-4608-8D99-F9C644A26550}.PRODUCTION|Any CPU.Build.0 = Debug|Any CPU
		{D1DE1439-569C-4608-8D99-F9C644A26550}.PRODUCTION|x64.ActiveCfg = Debug|Any CPU
		{D1DE1439-569C-4608-8D99-F9C644A26550}.PRODUCTION|x64.Build.0 = Debug|Any CPU
		{D1DE1439-569C-4608-8D99-F9C644A26550}.Release|Any CPU.ActiveCfg = Release|Any CPU
		{D1DE1439-569C-4608-8D99-F9C644A26550}.Release|Any CPU.Build.0 = Release|Any CPU
		{D1DE1439-569C-4608-8D99-F9C644A26550}.Release|x64.ActiveCfg = Release|Any CPU
		{D1DE1439-569C-4608-8D99-F9C644A26550}.Release|x64.Build.0 = Release|Any CPU
	EndGlobalSection
	GlobalSection(SolutionProperties) = preSolution
		HideSolutionNode = FALSE
	EndGlobalSection
	GlobalSection(ExtensibilityGlobals) = postSolution
		SolutionGuid = {52CD87F4-9B9A-4120-A58B-63F9111F7780}
	EndGlobalSection
EndGlobal
